
Microsoft Visual Studio Solution File, Format Version 12.00
# Visual Studio 14
VisualStudioVersion = 14.0.25420.1
MinimumVisualStudioVersion = 10.0.40219.1
Project("{FAE04EC0-301F-11D3-BF4B-00C04F79EFBC}") = "WorkPoint365.WebApi.Sample", "WorkPoint365.WebApi.Sample\WorkPoint365.WebApi.Sample.csproj", "{AA425880-B5C7-46F8-A1F9-BB63A587DD00}"
EndProject
Project("{2150E333-8FDC-42A3-9474-1A3956D46DE8}") = "Dll", "Dll", "{AB127E32-00C5-465B-8C7D-52A9BC99101D}"
	ProjectSection(SolutionItems) = preProject
		Dll\WorkPoint.Integration.Common.dll = Dll\WorkPoint.Integration.Common.dll
		Dll\WorkPoint365.WebAPI.Model.dll = Dll\WorkPoint365.WebAPI.Model.dll
		Dll\WorkPoint365.WebAPI.Proxy.dll = Dll\WorkPoint365.WebAPI.Proxy.dll
	EndProjectSection
EndProject
Global
	GlobalSection(SolutionConfigurationPlatforms) = preSolution
		Debug|Any CPU = Debug|Any CPU
		Release|Any CPU = Release|Any CPU
	EndGlobalSection
	GlobalSection(ProjectConfigurationPlatforms) = postSolution
		{AA425880-B5C7-46F8-A1F9-BB63A587DD00}.Debug|Any CPU.ActiveCfg = Debug|Any CPU
		{AA425880-B5C7-46F8-A1F9-BB63A587DD00}.Debug|Any CPU.Build.0 = Debug|Any CPU
		{AA425880-B5C7-46F8-A1F9-BB63A587DD00}.Release|Any CPU.ActiveCfg = Release|Any CPU
		{AA425880-B5C7-46F8-A1F9-BB63A587DD00}.Release|Any CPU.Build.0 = Release|Any CPU
	EndGlobalSection
	GlobalSection(SolutionProperties) = preSolution
		HideSolutionNode = FALSE
	EndGlobalSection
EndGlobal
